
Microsoft Visual Studio Solution File, Format Version 12.00
# Visual Studio 15
VisualStudioVersion = 15.0.26730.10
MinimumVisualStudioVersion = 10.0.40219.1

Project("{6EC3EE1D-3C4E-46DD-8F32-0CC8E7565705}") = "FabulousGithub", "FabulousGithub\FabulousGithub.fsproj", "{797DA946-E49A-4B5C-8FF3-B01849CA4461}"
EndProject

Project("{F2A71F9B-5D33-465A-A702-920D77279786}") = "FabulousGithub.Android", "FabulousGithub.Android\FabulousGithub.Android.fsproj", "{8FB482E3-FF00-4CBB-A07C-918D89C68B09}"
EndProject


Project("{F2A71F9B-5D33-465A-A702-920D77279786}") = "FabulousGithub.iOS", "FabulousGithub.iOS\FabulousGithub.iOS.fsproj", "{A267C86F-74DF-4638-AE91-497DDFC26F8E}"
EndProject


Project("{F2A71F9B-5D33-465A-A702-920D77279786}") = "FabulousGithub.WPF", "FabulousGithub.WPF\FabulousGithub.WPF.fsproj", "{0BC4771B-0C56-41C6-A671-1E264322F617}"
EndProject


Global
	GlobalSection(SolutionConfigurationPlatforms) = preSolution
		Ad-Hoc|Any CPU = Ad-Hoc|Any CPU
		Ad-Hoc|ARM = Ad-Hoc|ARM
		Ad-Hoc|iPhone = Ad-Hoc|iPhone
		Ad-Hoc|iPhoneSimulator = Ad-Hoc|iPhoneSimulator
		Ad-Hoc|x64 = Ad-Hoc|x64
		Ad-Hoc|x86 = Ad-Hoc|x86
		AppStore|Any CPU = AppStore|Any CPU
		AppStore|ARM = AppStore|ARM
		AppStore|iPhone = AppStore|iPhone
		AppStore|iPhoneSimulator = AppStore|iPhoneSimulator
		AppStore|x64 = AppStore|x64
		AppStore|x86 = AppStore|x86
		Debug|Any CPU = Debug|Any CPU
		Debug|ARM = Debug|ARM
		Debug|iPhone = Debug|iPhone
		Debug|iPhoneSimulator = Debug|iPhoneSimulator
		Debug|x64 = Debug|x64
		Debug|x86 = Debug|x86
		Release|Any CPU = Release|Any CPU
		Release|ARM = Release|ARM
		Release|iPhone = Release|iPhone
		Release|iPhoneSimulator = Release|iPhoneSimulator
		Release|x64 = Release|x64
		Release|x86 = Release|x86
	EndGlobalSection
	GlobalSection(ProjectConfigurationPlatforms) = postSolution
		{797DA946-E49A-4B5C-8FF3-B01849CA4461}.Ad-Hoc|Any CPU.ActiveCfg = Debug|Any CPU
		{797DA946-E49A-4B5C-8FF3-B01849CA4461}.Ad-Hoc|Any CPU.Build.0 = Debug|Any CPU
		{797DA946-E49A-4B5C-8FF3-B01849CA4461}.Ad-Hoc|ARM.ActiveCfg = Debug|Any CPU
		{797DA946-E49A-4B5C-8FF3-B01849CA4461}.Ad-Hoc|ARM.Build.0 = Debug|Any CPU
		{797DA946-E49A-4B5C-8FF3-B01849CA4461}.Ad-Hoc|iPhone.ActiveCfg = Debug|Any CPU
		{797DA946-E49A-4B5C-8FF3-B01849CA4461}.Ad-Hoc|iPhone.Build.0 = Debug|Any CPU
		{797DA946-E49A-4B5C-8FF3-B01849CA4461}.Ad-Hoc|iPhoneSimulator.ActiveCfg = Debug|Any CPU
		{797DA946-E49A-4B5C-8FF3-B01849CA4461}.Ad-Hoc|iPhoneSimulator.Build.0 = Debug|Any CPU
		{797DA946-E49A-4B5C-8FF3-B01849CA4461}.Ad-Hoc|x64.ActiveCfg = Debug|Any CPU
		{797DA946-E49A-4B5C-8FF3-B01849CA4461}.Ad-Hoc|x64.Build.0 = Debug|Any CPU
		{797DA946-E49A-4B5C-8FF3-B01849CA4461}.Ad-Hoc|x86.ActiveCfg = Debug|Any CPU
		{797DA946-E49A-4B5C-8FF3-B01849CA4461}.Ad-Hoc|x86.Build.0 = Debug|Any CPU
		{797DA946-E49A-4B5C-8FF3-B01849CA4461}.AppStore|Any CPU.ActiveCfg = Debug|Any CPU
		{797DA946-E49A-4B5C-8FF3-B01849CA4461}.AppStore|Any CPU.Build.0 = Debug|Any CPU
		{797DA946-E49A-4B5C-8FF3-B01849CA4461}.AppStore|ARM.ActiveCfg = Debug|Any CPU
		{797DA946-E49A-4B5C-8FF3-B01849CA4461}.AppStore|ARM.Build.0 = Debug|Any CPU
		{797DA946-E49A-4B5C-8FF3-B01849CA4461}.AppStore|iPhone.ActiveCfg = Debug|Any CPU
		{797DA946-E49A-4B5C-8FF3-B01849CA4461}.AppStore|iPhone.Build.0 = Debug|Any CPU
		{797DA946-E49A-4B5C-8FF3-B01849CA4461}.AppStore|iPhoneSimulator.ActiveCfg = Debug|Any CPU
		{797DA946-E49A-4B5C-8FF3-B01849CA4461}.AppStore|iPhoneSimulator.Build.0 = Debug|Any CPU
		{797DA946-E49A-4B5C-8FF3-B01849CA4461}.AppStore|x64.ActiveCfg = Debug|Any CPU
		{797DA946-E49A-4B5C-8FF3-B01849CA4461}.AppStore|x64.Build.0 = Debug|Any CPU
		{797DA946-E49A-4B5C-8FF3-B01849CA4461}.AppStore|x86.ActiveCfg = Debug|Any CPU
		{797DA946-E49A-4B5C-8FF3-B01849CA4461}.AppStore|x86.Build.0 = Debug|Any CPU
		{797DA946-E49A-4B5C-8FF3-B01849CA4461}.Debug|Any CPU.ActiveCfg = Debug|Any CPU
		{797DA946-E49A-4B5C-8FF3-B01849CA4461}.Debug|Any CPU.Build.0 = Debug|Any CPU
		{797DA946-E49A-4B5C-8FF3-B01849CA4461}.Debug|ARM.ActiveCfg = Debug|Any CPU
		{797DA946-E49A-4B5C-8FF3-B01849CA4461}.Debug|ARM.Build.0 = Debug|Any CPU
		{797DA946-E49A-4B5C-8FF3-B01849CA4461}.Debug|iPhone.ActiveCfg = Debug|Any CPU
		{797DA946-E49A-4B5C-8FF3-B01849CA4461}.Debug|iPhone.Build.0 = Debug|Any CPU
		{797DA946-E49A-4B5C-8FF3-B01849CA4461}.Debug|iPhoneSimulator.ActiveCfg = Debug|Any CPU
		{797DA946-E49A-4B5C-8FF3-B01849CA4461}.Debug|iPhoneSimulator.Build.0 = Debug|Any CPU
		{797DA946-E49A-4B5C-8FF3-B01849CA4461}.Debug|x64.ActiveCfg = Debug|Any CPU
		{797DA946-E49A-4B5C-8FF3-B01849CA4461}.Debug|x64.Build.0 = Debug|Any CPU
		{797DA946-E49A-4B5C-8FF3-B01849CA4461}.Debug|x86.ActiveCfg = Debug|Any CPU
		{797DA946-E49A-4B5C-8FF3-B01849CA4461}.Debug|x86.Build.0 = Debug|Any CPU
		{797DA946-E49A-4B5C-8FF3-B01849CA4461}.Release|Any CPU.ActiveCfg = Release|Any CPU
		{797DA946-E49A-4B5C-8FF3-B01849CA4461}.Release|Any CPU.Build.0 = Release|Any CPU
		{797DA946-E49A-4B5C-8FF3-B01849CA4461}.Release|ARM.ActiveCfg = Release|Any CPU
		{797DA946-E49A-4B5C-8FF3-B01849CA4461}.Release|ARM.Build.0 = Release|Any CPU
		{797DA946-E49A-4B5C-8FF3-B01849CA4461}.Release|iPhone.ActiveCfg = Release|Any CPU
		{797DA946-E49A-4B5C-8FF3-B01849CA4461}.Release|iPhone.Build.0 = Release|Any CPU
		{797DA946-E49A-4B5C-8FF3-B01849CA4461}.Release|iPhoneSimulator.ActiveCfg = Release|Any CPU
		{797DA946-E49A-4B5C-8FF3-B01849CA4461}.Release|iPhoneSimulator.Build.0 = Release|Any CPU
		{797DA946-E49A-4B5C-8FF3-B01849CA4461}.Release|x64.ActiveCfg = Release|Any CPU
		{797DA946-E49A-4B5C-8FF3-B01849CA4461}.Release|x64.Build.0 = Release|Any CPU
		{797DA946-E49A-4B5C-8FF3-B01849CA4461}.Release|x86.ActiveCfg = Release|Any CPU
		{797DA946-E49A-4B5C-8FF3-B01849CA4461}.Release|x86.Build.0 = Release|Any CPU
		{A267C86F-74DF-4638-AE91-497DDFC26F8E}.Ad-Hoc|Any CPU.ActiveCfg = Ad-Hoc|iPhone
		{A267C86F-74DF-4638-AE91-497DDFC26F8E}.Ad-Hoc|ARM.ActiveCfg = Ad-Hoc|iPhone
		{A267C86F-74DF-4638-AE91-497DDFC26F8E}.Ad-Hoc|iPhone.ActiveCfg = Ad-Hoc|iPhone
		{A267C86F-74DF-4638-AE91-497DDFC26F8E}.Ad-Hoc|iPhone.Build.0 = Ad-Hoc|iPhone
		{A267C86F-74DF-4638-AE91-497DDFC26F8E}.Ad-Hoc|iPhoneSimulator.ActiveCfg = Ad-Hoc|iPhoneSimulator
		{A267C86F-74DF-4638-AE91-497DDFC26F8E}.Ad-Hoc|iPhoneSimulator.Build.0 = Ad-Hoc|iPhoneSimulator
		{A267C86F-74DF-4638-AE91-497DDFC26F8E}.Ad-Hoc|x64.ActiveCfg = Ad-Hoc|iPhone
		{A267C86F-74DF-4638-AE91-497DDFC26F8E}.Ad-Hoc|x86.ActiveCfg = Ad-Hoc|iPhone
		{A267C86F-74DF-4638-AE91-497DDFC26F8E}.AppStore|Any CPU.ActiveCfg = AppStore|iPhone
		{A267C86F-74DF-4638-AE91-497DDFC26F8E}.AppStore|ARM.ActiveCfg = AppStore|iPhone
		{A267C86F-74DF-4638-AE91-497DDFC26F8E}.AppStore|iPhone.ActiveCfg = AppStore|iPhone
		{A267C86F-74DF-4638-AE91-497DDFC26F8E}.AppStore|iPhone.Build.0 = AppStore|iPhone
		{A267C86F-74DF-4638-AE91-497DDFC26F8E}.AppStore|iPhoneSimulator.ActiveCfg = AppStore|iPhoneSimulator
		{A267C86F-74DF-4638-AE91-497DDFC26F8E}.AppStore|iPhoneSimulator.Build.0 = AppStore|iPhoneSimulator
		{A267C86F-74DF-4638-AE91-497DDFC26F8E}.AppStore|x64.ActiveCfg = AppStore|iPhone
		{A267C86F-74DF-4638-AE91-497DDFC26F8E}.AppStore|x86.ActiveCfg = AppStore|iPhone
		{A267C86F-74DF-4638-AE91-497DDFC26F8E}.Debug|Any CPU.ActiveCfg = Debug|iPhone
		{A267C86F-74DF-4638-AE91-497DDFC26F8E}.Debug|ARM.ActiveCfg = Debug|iPhone
		{A267C86F-74DF-4638-AE91-497DDFC26F8E}.Debug|iPhone.ActiveCfg = Debug|iPhone
		{A267C86F-74DF-4638-AE91-497DDFC26F8E}.Debug|iPhone.Build.0 = Debug|iPhone
		{A267C86F-74DF-4638-AE91-497DDFC26F8E}.Debug|iPhoneSimulator.ActiveCfg = Debug|iPhoneSimulator
		{A267C86F-74DF-4638-AE91-497DDFC26F8E}.Debug|iPhoneSimulator.Build.0 = Debug|iPhoneSimulator
		{A267C86F-74DF-4638-AE91-497DDFC26F8E}.Debug|x64.ActiveCfg = Debug|iPhone
		{A267C86F-74DF-4638-AE91-497DDFC26F8E}.Debug|x86.ActiveCfg = Debug|iPhone
		{A267C86F-74DF-4638-AE91-497DDFC26F8E}.Release|Any CPU.ActiveCfg = Release|iPhone
		{A267C86F-74DF-4638-AE91-497DDFC26F8E}.Release|ARM.ActiveCfg = Release|iPhone
		{A267C86F-74DF-4638-AE91-497DDFC26F8E}.Release|iPhone.ActiveCfg = Release|iPhone
		{A267C86F-74DF-4638-AE91-497DDFC26F8E}.Release|iPhone.Build.0 = Release|iPhone
		{A267C86F-74DF-4638-AE91-497DDFC26F8E}.Release|iPhoneSimulator.ActiveCfg = Release|iPhoneSimulator
		{A267C86F-74DF-4638-AE91-497DDFC26F8E}.Release|iPhoneSimulator.Build.0 = Release|iPhoneSimulator
		{A267C86F-74DF-4638-AE91-497DDFC26F8E}.Release|x64.ActiveCfg = Release|iPhone
		{A267C86F-74DF-4638-AE91-497DDFC26F8E}.Release|x86.ActiveCfg = Release|iPhone
		{FB5A891D-57E4-4965-ACBB-F22201F24D8B}.Ad-Hoc|Any CPU.ActiveCfg = Release|x86
		{FB5A891D-57E4-4965-ACBB-F22201F24D8B}.Ad-Hoc|Any CPU.Build.0 = Release|x86
		{FB5A891D-57E4-4965-ACBB-F22201F24D8B}.Ad-Hoc|Any CPU.Deploy.0 = Release|x86
		{FB5A891D-57E4-4965-ACBB-F22201F24D8B}.Ad-Hoc|ARM.ActiveCfg = Release|ARM
		{FB5A891D-57E4-4965-ACBB-F22201F24D8B}.Ad-Hoc|ARM.Build.0 = Release|ARM
		{FB5A891D-57E4-4965-ACBB-F22201F24D8B}.Ad-Hoc|ARM.Deploy.0 = Release|ARM
		{FB5A891D-57E4-4965-ACBB-F22201F24D8B}.Ad-Hoc|iPhone.ActiveCfg = Release|x86
		{FB5A891D-57E4-4965-ACBB-F22201F24D8B}.Ad-Hoc|iPhone.Build.0 = Release|x86
		{FB5A891D-57E4-4965-ACBB-F22201F24D8B}.Ad-Hoc|iPhone.Deploy.0 = Release|x86
		{FB5A891D-57E4-4965-ACBB-F22201F24D8B}.Ad-Hoc|iPhoneSimulator.ActiveCfg = Release|x86
		{FB5A891D-57E4-4965-ACBB-F22201F24D8B}.Ad-Hoc|iPhoneSimulator.Build.0 = Release|x86
		{FB5A891D-57E4-4965-ACBB-F22201F24D8B}.Ad-Hoc|iPhoneSimulator.Deploy.0 = Release|x86
		{FB5A891D-57E4-4965-ACBB-F22201F24D8B}.Ad-Hoc|x64.ActiveCfg = Release|x64
		{FB5A891D-57E4-4965-ACBB-F22201F24D8B}.Ad-Hoc|x64.Build.0 = Release|x64
		{FB5A891D-57E4-4965-ACBB-F22201F24D8B}.Ad-Hoc|x64.Deploy.0 = Release|x64
		{FB5A891D-57E4-4965-ACBB-F22201F24D8B}.Ad-Hoc|x86.ActiveCfg = Release|x86
		{FB5A891D-57E4-4965-ACBB-F22201F24D8B}.Ad-Hoc|x86.Build.0 = Release|x86
		{FB5A891D-57E4-4965-ACBB-F22201F24D8B}.Ad-Hoc|x86.Deploy.0 = Release|x86
		{FB5A891D-57E4-4965-ACBB-F22201F24D8B}.AppStore|Any CPU.ActiveCfg = Release|x86
		{FB5A891D-57E4-4965-ACBB-F22201F24D8B}.AppStore|Any CPU.Build.0 = Release|x86
		{FB5A891D-57E4-4965-ACBB-F22201F24D8B}.AppStore|Any CPU.Deploy.0 = Release|x86
		{FB5A891D-57E4-4965-ACBB-F22201F24D8B}.AppStore|ARM.ActiveCfg = Release|ARM
		{FB5A891D-57E4-4965-ACBB-F22201F24D8B}.AppStore|ARM.Build.0 = Release|ARM
		{FB5A891D-57E4-4965-ACBB-F22201F24D8B}.AppStore|ARM.Deploy.0 = Release|ARM
		{FB5A891D-57E4-4965-ACBB-F22201F24D8B}.AppStore|iPhone.ActiveCfg = Release|x86
		{FB5A891D-57E4-4965-ACBB-F22201F24D8B}.AppStore|iPhone.Build.0 = Release|x86
		{FB5A891D-57E4-4965-ACBB-F22201F24D8B}.AppStore|iPhone.Deploy.0 = Release|x86
		{FB5A891D-57E4-4965-ACBB-F22201F24D8B}.AppStore|iPhoneSimulator.ActiveCfg = Release|x86
		{FB5A891D-57E4-4965-ACBB-F22201F24D8B}.AppStore|iPhoneSimulator.Build.0 = Release|x86
		{FB5A891D-57E4-4965-ACBB-F22201F24D8B}.AppStore|iPhoneSimulator.Deploy.0 = Release|x86
		{FB5A891D-57E4-4965-ACBB-F22201F24D8B}.AppStore|x64.ActiveCfg = Release|x64
		{FB5A891D-57E4-4965-ACBB-F22201F24D8B}.AppStore|x64.Build.0 = Release|x64
		{FB5A891D-57E4-4965-ACBB-F22201F24D8B}.AppStore|x64.Deploy.0 = Release|x64
		{FB5A891D-57E4-4965-ACBB-F22201F24D8B}.AppStore|x86.ActiveCfg = Release|x86
		{FB5A891D-57E4-4965-ACBB-F22201F24D8B}.AppStore|x86.Build.0 = Release|x86
		{FB5A891D-57E4-4965-ACBB-F22201F24D8B}.AppStore|x86.Deploy.0 = Release|x86
		{FB5A891D-57E4-4965-ACBB-F22201F24D8B}.Debug|Any CPU.ActiveCfg = Debug|x86
		{FB5A891D-57E4-4965-ACBB-F22201F24D8B}.Debug|ARM.ActiveCfg = Debug|ARM
		{FB5A891D-57E4-4965-ACBB-F22201F24D8B}.Debug|ARM.Build.0 = Debug|ARM
		{FB5A891D-57E4-4965-ACBB-F22201F24D8B}.Debug|ARM.Deploy.0 = Debug|ARM
		{FB5A891D-57E4-4965-ACBB-F22201F24D8B}.Debug|iPhone.ActiveCfg = Debug|x86
		{FB5A891D-57E4-4965-ACBB-F22201F24D8B}.Debug|iPhoneSimulator.ActiveCfg = Debug|x86
		{FB5A891D-57E4-4965-ACBB-F22201F24D8B}.Debug|x64.ActiveCfg = Debug|x64
		{FB5A891D-57E4-4965-ACBB-F22201F24D8B}.Debug|x64.Build.0 = Debug|x64
		{FB5A891D-57E4-4965-ACBB-F22201F24D8B}.Debug|x64.Deploy.0 = Debug|x64
		{FB5A891D-57E4-4965-ACBB-F22201F24D8B}.Debug|x86.ActiveCfg = Debug|x86
		{FB5A891D-57E4-4965-ACBB-F22201F24D8B}.Debug|x86.Build.0 = Debug|x86
		{FB5A891D-57E4-4965-ACBB-F22201F24D8B}.Debug|x86.Deploy.0 = Debug|x86
		{FB5A891D-57E4-4965-ACBB-F22201F24D8B}.Release|Any CPU.ActiveCfg = Release|x86
		{FB5A891D-57E4-4965-ACBB-F22201F24D8B}.Release|ARM.ActiveCfg = Release|ARM
		{FB5A891D-57E4-4965-ACBB-F22201F24D8B}.Release|ARM.Build.0 = Release|ARM
		{FB5A891D-57E4-4965-ACBB-F22201F24D8B}.Release|ARM.Deploy.0 = Release|ARM
		{FB5A891D-57E4-4965-ACBB-F22201F24D8B}.Release|iPhone.ActiveCfg = Release|x86
		{FB5A891D-57E4-4965-ACBB-F22201F24D8B}.Release|iPhoneSimulator.ActiveCfg = Release|x86
		{FB5A891D-57E4-4965-ACBB-F22201F24D8B}.Release|x64.ActiveCfg = Release|x64
		{FB5A891D-57E4-4965-ACBB-F22201F24D8B}.Release|x64.Build.0 = Release|x64
		{FB5A891D-57E4-4965-ACBB-F22201F24D8B}.Release|x64.Deploy.0 = Release|x64
		{FB5A891D-57E4-4965-ACBB-F22201F24D8B}.Release|x86.ActiveCfg = Release|x86
		{FB5A891D-57E4-4965-ACBB-F22201F24D8B}.Release|x86.Build.0 = Release|x86
		{FB5A891D-57E4-4965-ACBB-F22201F24D8B}.Release|x86.Deploy.0 = Release|x86
		{3E2AE4CD-837D-4904-9D51-1DB9DC8CD469}.Ad-Hoc|Any CPU.ActiveCfg = Release|Any CPU
		{3E2AE4CD-837D-4904-9D51-1DB9DC8CD469}.Ad-Hoc|Any CPU.Build.0 = Release|Any CPU
		{3E2AE4CD-837D-4904-9D51-1DB9DC8CD469}.Ad-Hoc|ARM.ActiveCfg = Release|Any CPU
		{3E2AE4CD-837D-4904-9D51-1DB9DC8CD469}.Ad-Hoc|ARM.Build.0 = Release|Any CPU
		{3E2AE4CD-837D-4904-9D51-1DB9DC8CD469}.Ad-Hoc|iPhone.ActiveCfg = Release|Any CPU
		{3E2AE4CD-837D-4904-9D51-1DB9DC8CD469}.Ad-Hoc|iPhone.Build.0 = Release|Any CPU
		{3E2AE4CD-837D-4904-9D51-1DB9DC8CD469}.Ad-Hoc|iPhoneSimulator.ActiveCfg = Release|Any CPU
		{3E2AE4CD-837D-4904-9D51-1DB9DC8CD469}.Ad-Hoc|iPhoneSimulator.Build.0 = Release|Any CPU
		{3E2AE4CD-837D-4904-9D51-1DB9DC8CD469}.Ad-Hoc|x64.ActiveCfg = Release|Any CPU
		{3E2AE4CD-837D-4904-9D51-1DB9DC8CD469}.Ad-Hoc|x64.Build.0 = Release|Any CPU
		{3E2AE4CD-837D-4904-9D51-1DB9DC8CD469}.Ad-Hoc|x86.ActiveCfg = Release|Any CPU
		{3E2AE4CD-837D-4904-9D51-1DB9DC8CD469}.Ad-Hoc|x86.Build.0 = Release|Any CPU
		{3E2AE4CD-837D-4904-9D51-1DB9DC8CD469}.AppStore|Any CPU.ActiveCfg = Release|Any CPU
		{3E2AE4CD-837D-4904-9D51-1DB9DC8CD469}.AppStore|Any CPU.Build.0 = Release|Any CPU
		{3E2AE4CD-837D-4904-9D51-1DB9DC8CD469}.AppStore|ARM.ActiveCfg = Release|Any CPU
		{3E2AE4CD-837D-4904-9D51-1DB9DC8CD469}.AppStore|ARM.Build.0 = Release|Any CPU
		{3E2AE4CD-837D-4904-9D51-1DB9DC8CD469}.AppStore|iPhone.ActiveCfg = Release|Any CPU
		{3E2AE4CD-837D-4904-9D51-1DB9DC8CD469}.AppStore|iPhone.Build.0 = Release|Any CPU
		{3E2AE4CD-837D-4904-9D51-1DB9DC8CD469}.AppStore|iPhoneSimulator.ActiveCfg = Release|Any CPU
		{3E2AE4CD-837D-4904-9D51-1DB9DC8CD469}.AppStore|iPhoneSimulator.Build.0 = Release|Any CPU
		{3E2AE4CD-837D-4904-9D51-1DB9DC8CD469}.AppStore|x64.ActiveCfg = Release|Any CPU
		{3E2AE4CD-837D-4904-9D51-1DB9DC8CD469}.AppStore|x64.Build.0 = Release|Any CPU
		{3E2AE4CD-837D-4904-9D51-1DB9DC8CD469}.AppStore|x86.ActiveCfg = Release|Any CPU
		{3E2AE4CD-837D-4904-9D51-1DB9DC8CD469}.AppStore|x86.Build.0 = Release|Any CPU
		{3E2AE4CD-837D-4904-9D51-1DB9DC8CD469}.Debug|Any CPU.ActiveCfg = Debug|Any CPU
		{3E2AE4CD-837D-4904-9D51-1DB9DC8CD469}.Debug|Any CPU.Build.0 = Debug|Any CPU
		{3E2AE4CD-837D-4904-9D51-1DB9DC8CD469}.Debug|ARM.ActiveCfg = Debug|Any CPU
		{3E2AE4CD-837D-4904-9D51-1DB9DC8CD469}.Debug|ARM.Build.0 = Debug|Any CPU
		{3E2AE4CD-837D-4904-9D51-1DB9DC8CD469}.Debug|iPhone.ActiveCfg = Debug|Any CPU
		{3E2AE4CD-837D-4904-9D51-1DB9DC8CD469}.Debug|iPhone.Build.0 = Debug|Any CPU
		{3E2AE4CD-837D-4904-9D51-1DB9DC8CD469}.Debug|iPhoneSimulator.ActiveCfg = Debug|Any CPU
		{3E2AE4CD-837D-4904-9D51-1DB9DC8CD469}.Debug|iPhoneSimulator.Build.0 = Debug|Any CPU
		{3E2AE4CD-837D-4904-9D51-1DB9DC8CD469}.Debug|x64.ActiveCfg = Debug|Any CPU
		{3E2AE4CD-837D-4904-9D51-1DB9DC8CD469}.Debug|x64.Build.0 = Debug|Any CPU
		{3E2AE4CD-837D-4904-9D51-1DB9DC8CD469}.Debug|x86.ActiveCfg = Debug|Any CPU
		{3E2AE4CD-837D-4904-9D51-1DB9DC8CD469}.Debug|x86.Build.0 = Debug|Any CPU
		{3E2AE4CD-837D-4904-9D51-1DB9DC8CD469}.Release|Any CPU.ActiveCfg = Release|Any CPU
		{3E2AE4CD-837D-4904-9D51-1DB9DC8CD469}.Release|Any CPU.Build.0 = Release|Any CPU
		{3E2AE4CD-837D-4904-9D51-1DB9DC8CD469}.Release|ARM.ActiveCfg = Release|Any CPU
		{3E2AE4CD-837D-4904-9D51-1DB9DC8CD469}.Release|ARM.Build.0 = Release|Any CPU
		{3E2AE4CD-837D-4904-9D51-1DB9DC8CD469}.Release|iPhone.ActiveCfg = Release|Any CPU
		{3E2AE4CD-837D-4904-9D51-1DB9DC8CD469}.Release|iPhone.Build.0 = Release|Any CPU
		{3E2AE4CD-837D-4904-9D51-1DB9DC8CD469}.Release|iPhoneSimulator.ActiveCfg = Release|Any CPU
		{3E2AE4CD-837D-4904-9D51-1DB9DC8CD469}.Release|iPhoneSimulator.Build.0 = Release|Any CPU
		{3E2AE4CD-837D-4904-9D51-1DB9DC8CD469}.Release|x64.ActiveCfg = Release|Any CPU
		{3E2AE4CD-837D-4904-9D51-1DB9DC8CD469}.Release|x64.Build.0 = Release|Any CPU
		{3E2AE4CD-837D-4904-9D51-1DB9DC8CD469}.Release|x86.ActiveCfg = Release|Any CPU
		{3E2AE4CD-837D-4904-9D51-1DB9DC8CD469}.Release|x86.Build.0 = Release|Any CPU
		{0BC4771B-0C56-41C6-A671-1E264322F617}.Ad-Hoc|Any CPU.ActiveCfg = Release|Any CPU
		{0BC4771B-0C56-41C6-A671-1E264322F617}.Ad-Hoc|Any CPU.Build.0 = Release|Any CPU
		{0BC4771B-0C56-41C6-A671-1E264322F617}.Ad-Hoc|ARM.ActiveCfg = Release|Any CPU
		{0BC4771B-0C56-41C6-A671-1E264322F617}.Ad-Hoc|ARM.Build.0 = Release|Any CPU
		{0BC4771B-0C56-41C6-A671-1E264322F617}.Ad-Hoc|iPhone.ActiveCfg = Release|Any CPU
		{0BC4771B-0C56-41C6-A671-1E264322F617}.Ad-Hoc|iPhone.Build.0 = Release|Any CPU
		{0BC4771B-0C56-41C6-A671-1E264322F617}.Ad-Hoc|iPhoneSimulator.ActiveCfg = Release|Any CPU
		{0BC4771B-0C56-41C6-A671-1E264322F617}.Ad-Hoc|iPhoneSimulator.Build.0 = Release|Any CPU
		{0BC4771B-0C56-41C6-A671-1E264322F617}.Ad-Hoc|x64.ActiveCfg = Release|Any CPU
		{0BC4771B-0C56-41C6-A671-1E264322F617}.Ad-Hoc|x64.Build.0 = Release|Any CPU
		{0BC4771B-0C56-41C6-A671-1E264322F617}.Ad-Hoc|x86.ActiveCfg = Release|Any CPU
		{0BC4771B-0C56-41C6-A671-1E264322F617}.Ad-Hoc|x86.Build.0 = Release|Any CPU
		{0BC4771B-0C56-41C6-A671-1E264322F617}.AppStore|Any CPU.ActiveCfg = Release|Any CPU
		{0BC4771B-0C56-41C6-A671-1E264322F617}.AppStore|Any CPU.Build.0 = Release|Any CPU
		{0BC4771B-0C56-41C6-A671-1E264322F617}.AppStore|ARM.ActiveCfg = Release|Any CPU
		{0BC4771B-0C56-41C6-A671-1E264322F617}.AppStore|ARM.Build.0 = Release|Any CPU
		{0BC4771B-0C56-41C6-A671-1E264322F617}.AppStore|iPhone.ActiveCfg = Release|Any CPU
		{0BC4771B-0C56-41C6-A671-1E264322F617}.AppStore|iPhone.Build.0 = Release|Any CPU
		{0BC4771B-0C56-41C6-A671-1E264322F617}.AppStore|iPhoneSimulator.ActiveCfg = Release|Any CPU
		{0BC4771B-0C56-41C6-A671-1E264322F617}.AppStore|iPhoneSimulator.Build.0 = Release|Any CPU
		{0BC4771B-0C56-41C6-A671-1E264322F617}.AppStore|x64.ActiveCfg = Release|Any CPU
		{0BC4771B-0C56-41C6-A671-1E264322F617}.AppStore|x64.Build.0 = Release|Any CPU
		{0BC4771B-0C56-41C6-A671-1E264322F617}.AppStore|x86.ActiveCfg = Release|Any CPU
		{0BC4771B-0C56-41C6-A671-1E264322F617}.AppStore|x86.Build.0 = Release|Any CPU
		{0BC4771B-0C56-41C6-A671-1E264322F617}.Debug|Any CPU.ActiveCfg = Debug|Any CPU
		{0BC4771B-0C56-41C6-A671-1E264322F617}.Debug|Any CPU.Build.0 = Debug|Any CPU
		{0BC4771B-0C56-41C6-A671-1E264322F617}.Debug|ARM.ActiveCfg = Debug|Any CPU
		{0BC4771B-0C56-41C6-A671-1E264322F617}.Debug|ARM.Build.0 = Debug|Any CPU
		{0BC4771B-0C56-41C6-A671-1E264322F617}.Debug|iPhone.ActiveCfg = Debug|Any CPU
		{0BC4771B-0C56-41C6-A671-1E264322F617}.Debug|iPhone.Build.0 = Debug|Any CPU
		{0BC4771B-0C56-41C6-A671-1E264322F617}.Debug|iPhoneSimulator.ActiveCfg = Debug|Any CPU
		{0BC4771B-0C56-41C6-A671-1E264322F617}.Debug|iPhoneSimulator.Build.0 = Debug|Any CPU
		{0BC4771B-0C56-41C6-A671-1E264322F617}.Debug|x64.ActiveCfg = Debug|Any CPU
		{0BC4771B-0C56-41C6-A671-1E264322F617}.Debug|x64.Build.0 = Debug|Any CPU
		{0BC4771B-0C56-41C6-A671-1E264322F617}.Debug|x86.ActiveCfg = Debug|Any CPU
		{0BC4771B-0C56-41C6-A671-1E264322F617}.Debug|x86.Build.0 = Debug|Any CPU
		{0BC4771B-0C56-41C6-A671-1E264322F617}.Release|Any CPU.ActiveCfg = Release|Any CPU
		{0BC4771B-0C56-41C6-A671-1E264322F617}.Release|Any CPU.Build.0 = Release|Any CPU
		{0BC4771B-0C56-41C6-A671-1E264322F617}.Release|ARM.ActiveCfg = Release|Any CPU
		{0BC4771B-0C56-41C6-A671-1E264322F617}.Release|ARM.Build.0 = Release|Any CPU
		{0BC4771B-0C56-41C6-A671-1E264322F617}.Release|iPhone.ActiveCfg = Release|Any CPU
		{0BC4771B-0C56-41C6-A671-1E264322F617}.Release|iPhone.Build.0 = Release|Any CPU
		{0BC4771B-0C56-41C6-A671-1E264322F617}.Release|iPhoneSimulator.ActiveCfg = Release|Any CPU
		{0BC4771B-0C56-41C6-A671-1E264322F617}.Release|iPhoneSimulator.Build.0 = Release|Any CPU
		{0BC4771B-0C56-41C6-A671-1E264322F617}.Release|x64.ActiveCfg = Release|Any CPU
		{0BC4771B-0C56-41C6-A671-1E264322F617}.Release|x64.Build.0 = Release|Any CPU
		{0BC4771B-0C56-41C6-A671-1E264322F617}.Release|x86.ActiveCfg = Release|Any CPU
		{0BC4771B-0C56-41C6-A671-1E264322F617}.Release|x86.Build.0 = Release|Any CPU
		{8FB482E3-FF00-4CBB-A07C-918D89C68B09}.Ad-Hoc|Any CPU.ActiveCfg = Release|Any CPU
		{8FB482E3-FF00-4CBB-A07C-918D89C68B09}.Ad-Hoc|Any CPU.Build.0 = Release|Any CPU
		{8FB482E3-FF00-4CBB-A07C-918D89C68B09}.Ad-Hoc|ARM.ActiveCfg = Release|Any CPU
		{8FB482E3-FF00-4CBB-A07C-918D89C68B09}.Ad-Hoc|ARM.Build.0 = Release|Any CPU
		{8FB482E3-FF00-4CBB-A07C-918D89C68B09}.Ad-Hoc|iPhone.ActiveCfg = Release|Any CPU
		{8FB482E3-FF00-4CBB-A07C-918D89C68B09}.Ad-Hoc|iPhone.Build.0 = Release|Any CPU
		{8FB482E3-FF00-4CBB-A07C-918D89C68B09}.Ad-Hoc|iPhoneSimulator.ActiveCfg = Release|Any CPU
		{8FB482E3-FF00-4CBB-A07C-918D89C68B09}.Ad-Hoc|iPhoneSimulator.Build.0 = Release|Any CPU
		{8FB482E3-FF00-4CBB-A07C-918D89C68B09}.Ad-Hoc|x64.ActiveCfg = Release|Any CPU
		{8FB482E3-FF00-4CBB-A07C-918D89C68B09}.Ad-Hoc|x64.Build.0 = Release|Any CPU
		{8FB482E3-FF00-4CBB-A07C-918D89C68B09}.Ad-Hoc|x86.ActiveCfg = Release|Any CPU
		{8FB482E3-FF00-4CBB-A07C-918D89C68B09}.Ad-Hoc|x86.Build.0 = Release|Any CPU
		{8FB482E3-FF00-4CBB-A07C-918D89C68B09}.AppStore|Any CPU.ActiveCfg = Release|Any CPU
		{8FB482E3-FF00-4CBB-A07C-918D89C68B09}.AppStore|Any CPU.Build.0 = Release|Any CPU
		{8FB482E3-FF00-4CBB-A07C-918D89C68B09}.AppStore|ARM.ActiveCfg = Release|Any CPU
		{8FB482E3-FF00-4CBB-A07C-918D89C68B09}.AppStore|ARM.Build.0 = Release|Any CPU
		{8FB482E3-FF00-4CBB-A07C-918D89C68B09}.AppStore|iPhone.ActiveCfg = Release|Any CPU
		{8FB482E3-FF00-4CBB-A07C-918D89C68B09}.AppStore|iPhone.Build.0 = Release|Any CPU
		{8FB482E3-FF00-4CBB-A07C-918D89C68B09}.AppStore|iPhoneSimulator.ActiveCfg = Release|Any CPU
		{8FB482E3-FF00-4CBB-A07C-918D89C68B09}.AppStore|iPhoneSimulator.Build.0 = Release|Any CPU
		{8FB482E3-FF00-4CBB-A07C-918D89C68B09}.AppStore|x64.ActiveCfg = Release|Any CPU
		{8FB482E3-FF00-4CBB-A07C-918D89C68B09}.AppStore|x64.Build.0 = Release|Any CPU
		{8FB482E3-FF00-4CBB-A07C-918D89C68B09}.AppStore|x86.ActiveCfg = Release|Any CPU
		{8FB482E3-FF00-4CBB-A07C-918D89C68B09}.AppStore|x86.Build.0 = Release|Any CPU
		{8FB482E3-FF00-4CBB-A07C-918D89C68B09}.Debug|Any CPU.ActiveCfg = Debug|Any CPU
		{8FB482E3-FF00-4CBB-A07C-918D89C68B09}.Debug|Any CPU.Build.0 = Debug|Any CPU
		{8FB482E3-FF00-4CBB-A07C-918D89C68B09}.Debug|Any CPU.Deploy.0 = Debug|Any CPU
		{8FB482E3-FF00-4CBB-A07C-918D89C68B09}.Debug|ARM.ActiveCfg = Debug|Any CPU
		{8FB482E3-FF00-4CBB-A07C-918D89C68B09}.Debug|ARM.Build.0 = Debug|Any CPU
		{8FB482E3-FF00-4CBB-A07C-918D89C68B09}.Debug|iPhone.ActiveCfg = Debug|Any CPU
		{8FB482E3-FF00-4CBB-A07C-918D89C68B09}.Debug|iPhone.Build.0 = Debug|Any CPU
		{8FB482E3-FF00-4CBB-A07C-918D89C68B09}.Debug|iPhoneSimulator.ActiveCfg = Debug|Any CPU
		{8FB482E3-FF00-4CBB-A07C-918D89C68B09}.Debug|iPhoneSimulator.Build.0 = Debug|Any CPU
		{8FB482E3-FF00-4CBB-A07C-918D89C68B09}.Debug|x64.ActiveCfg = Debug|Any CPU
		{8FB482E3-FF00-4CBB-A07C-918D89C68B09}.Debug|x64.Build.0 = Debug|Any CPU
		{8FB482E3-FF00-4CBB-A07C-918D89C68B09}.Debug|x86.ActiveCfg = Debug|Any CPU
		{8FB482E3-FF00-4CBB-A07C-918D89C68B09}.Debug|x86.Build.0 = Debug|Any CPU
		{8FB482E3-FF00-4CBB-A07C-918D89C68B09}.Release|Any CPU.ActiveCfg = Release|Any CPU
		{8FB482E3-FF00-4CBB-A07C-918D89C68B09}.Release|Any CPU.Build.0 = Release|Any CPU
		{8FB482E3-FF00-4CBB-A07C-918D89C68B09}.Release|Any CPU.Deploy.0 = Release|Any CPU
		{8FB482E3-FF00-4CBB-A07C-918D89C68B09}.Release|ARM.ActiveCfg = Release|Any CPU
		{8FB482E3-FF00-4CBB-A07C-918D89C68B09}.Release|ARM.Build.0 = Release|Any CPU
		{8FB482E3-FF00-4CBB-A07C-918D89C68B09}.Release|iPhone.ActiveCfg = Release|Any CPU
		{8FB482E3-FF00-4CBB-A07C-918D89C68B09}.Release|iPhone.Build.0 = Release|Any CPU
		{8FB482E3-FF00-4CBB-A07C-918D89C68B09}.Release|iPhoneSimulator.ActiveCfg = Release|Any CPU
		{8FB482E3-FF00-4CBB-A07C-918D89C68B09}.Release|iPhoneSimulator.Build.0 = Release|Any CPU
		{8FB482E3-FF00-4CBB-A07C-918D89C68B09}.Release|x64.ActiveCfg = Release|Any CPU
		{8FB482E3-FF00-4CBB-A07C-918D89C68B09}.Release|x64.Build.0 = Release|Any CPU
		{8FB482E3-FF00-4CBB-A07C-918D89C68B09}.Release|x86.ActiveCfg = Release|Any CPU
		{8FB482E3-FF00-4CBB-A07C-918D89C68B09}.Release|x86.Build.0 = Release|Any CPU
		{F62ABE50-964B-4EF8-ACBE-923EC3F8851E}.Ad-Hoc|Any CPU.ActiveCfg = Release|Any CPU
		{F62ABE50-964B-4EF8-ACBE-923EC3F8851E}.Ad-Hoc|Any CPU.Build.0 = Release|Any CPU
		{F62ABE50-964B-4EF8-ACBE-923EC3F8851E}.Ad-Hoc|ARM.ActiveCfg = Release|Any CPU
		{F62ABE50-964B-4EF8-ACBE-923EC3F8851E}.Ad-Hoc|ARM.Build.0 = Release|Any CPU
		{F62ABE50-964B-4EF8-ACBE-923EC3F8851E}.Ad-Hoc|iPhone.ActiveCfg = Release|Any CPU
		{F62ABE50-964B-4EF8-ACBE-923EC3F8851E}.Ad-Hoc|iPhone.Build.0 = Release|Any CPU
		{F62ABE50-964B-4EF8-ACBE-923EC3F8851E}.Ad-Hoc|iPhoneSimulator.ActiveCfg = Release|Any CPU
		{F62ABE50-964B-4EF8-ACBE-923EC3F8851E}.Ad-Hoc|iPhoneSimulator.Build.0 = Release|Any CPU
		{F62ABE50-964B-4EF8-ACBE-923EC3F8851E}.Ad-Hoc|x64.ActiveCfg = Release|Any CPU
		{F62ABE50-964B-4EF8-ACBE-923EC3F8851E}.Ad-Hoc|x64.Build.0 = Release|Any CPU
		{F62ABE50-964B-4EF8-ACBE-923EC3F8851E}.Ad-Hoc|x86.ActiveCfg = Release|Any CPU
		{F62ABE50-964B-4EF8-ACBE-923EC3F8851E}.Ad-Hoc|x86.Build.0 = Release|Any CPU
		{F62ABE50-964B-4EF8-ACBE-923EC3F8851E}.AppStore|Any CPU.ActiveCfg = Release|Any CPU
		{F62ABE50-964B-4EF8-ACBE-923EC3F8851E}.AppStore|Any CPU.Build.0 = Release|Any CPU
		{F62ABE50-964B-4EF8-ACBE-923EC3F8851E}.AppStore|ARM.ActiveCfg = Release|Any CPU
		{F62ABE50-964B-4EF8-ACBE-923EC3F8851E}.AppStore|ARM.Build.0 = Release|Any CPU
		{F62ABE50-964B-4EF8-ACBE-923EC3F8851E}.AppStore|iPhone.ActiveCfg = Release|Any CPU
		{F62ABE50-964B-4EF8-ACBE-923EC3F8851E}.AppStore|iPhone.Build.0 = Release|Any CPU
		{F62ABE50-964B-4EF8-ACBE-923EC3F8851E}.AppStore|iPhoneSimulator.ActiveCfg = Release|Any CPU
		{F62ABE50-964B-4EF8-ACBE-923EC3F8851E}.AppStore|iPhoneSimulator.Build.0 = Release|Any CPU
		{F62ABE50-964B-4EF8-ACBE-923EC3F8851E}.AppStore|x64.ActiveCfg = Release|Any CPU
		{F62ABE50-964B-4EF8-ACBE-923EC3F8851E}.AppStore|x64.Build.0 = Release|Any CPU
		{F62ABE50-964B-4EF8-ACBE-923EC3F8851E}.AppStore|x86.ActiveCfg = Release|Any CPU
		{F62ABE50-964B-4EF8-ACBE-923EC3F8851E}.AppStore|x86.Build.0 = Release|Any CPU
		{F62ABE50-964B-4EF8-ACBE-923EC3F8851E}.Debug|Any CPU.ActiveCfg = Debug|Any CPU
		{F62ABE50-964B-4EF8-ACBE-923EC3F8851E}.Debug|Any CPU.Build.0 = Debug|Any CPU
		{F62ABE50-964B-4EF8-ACBE-923EC3F8851E}.Debug|ARM.ActiveCfg = Debug|Any CPU
		{F62ABE50-964B-4EF8-ACBE-923EC3F8851E}.Debug|ARM.Build.0 = Debug|Any CPU
		{F62ABE50-964B-4EF8-ACBE-923EC3F8851E}.Debug|iPhone.ActiveCfg = Debug|Any CPU
		{F62ABE50-964B-4EF8-ACBE-923EC3F8851E}.Debug|iPhone.Build.0 = Debug|Any CPU
		{F62ABE50-964B-4EF8-ACBE-923EC3F8851E}.Debug|iPhoneSimulator.ActiveCfg = Debug|Any CPU
		{F62ABE50-964B-4EF8-ACBE-923EC3F8851E}.Debug|iPhoneSimulator.Build.0 = Debug|Any CPU
		{F62ABE50-964B-4EF8-ACBE-923EC3F8851E}.Debug|x64.ActiveCfg = Debug|Any CPU
		{F62ABE50-964B-4EF8-ACBE-923EC3F8851E}.Debug|x64.Build.0 = Debug|Any CPU
		{F62ABE50-964B-4EF8-ACBE-923EC3F8851E}.Debug|x86.ActiveCfg = Debug|Any CPU
		{F62ABE50-964B-4EF8-ACBE-923EC3F8851E}.Debug|x86.Build.0 = Debug|Any CPU
		{F62ABE50-964B-4EF8-ACBE-923EC3F8851E}.Release|Any CPU.ActiveCfg = Release|Any CPU
		{F62ABE50-964B-4EF8-ACBE-923EC3F8851E}.Release|Any CPU.Build.0 = Release|Any CPU
		{F62ABE50-964B-4EF8-ACBE-923EC3F8851E}.Release|ARM.ActiveCfg = Release|Any CPU
		{F62ABE50-964B-4EF8-ACBE-923EC3F8851E}.Release|ARM.Build.0 = Release|Any CPU
		{F62ABE50-964B-4EF8-ACBE-923EC3F8851E}.Release|iPhone.ActiveCfg = Release|Any CPU
		{F62ABE50-964B-4EF8-ACBE-923EC3F8851E}.Release|iPhone.Build.0 = Release|Any CPU
		{F62ABE50-964B-4EF8-ACBE-923EC3F8851E}.Release|iPhoneSimulator.ActiveCfg = Release|Any CPU
		{F62ABE50-964B-4EF8-ACBE-923EC3F8851E}.Release|iPhoneSimulator.Build.0 = Release|Any CPU
		{F62ABE50-964B-4EF8-ACBE-923EC3F8851E}.Release|x64.ActiveCfg = Release|Any CPU
		{F62ABE50-964B-4EF8-ACBE-923EC3F8851E}.Release|x64.Build.0 = Release|Any CPU
		{F62ABE50-964B-4EF8-ACBE-923EC3F8851E}.Release|x86.ActiveCfg = Release|Any CPU
		{F62ABE50-964B-4EF8-ACBE-923EC3F8851E}.Release|x86.Build.0 = Release|Any CPU
		{B6C8D469-7665-47B0-BA8F-E245577E3B6B}.Ad-Hoc|Any CPU.ActiveCfg = Release|x64
		{B6C8D469-7665-47B0-BA8F-E245577E3B6B}.Ad-Hoc|Any CPU.Build.0 = Release|x64
		{B6C8D469-7665-47B0-BA8F-E245577E3B6B}.Ad-Hoc|Any CPU.Deploy.0 = Release|x64
		{B6C8D469-7665-47B0-BA8F-E245577E3B6B}.Ad-Hoc|ARM.ActiveCfg = Release|ARM
		{B6C8D469-7665-47B0-BA8F-E245577E3B6B}.Ad-Hoc|ARM.Build.0 = Release|ARM
		{B6C8D469-7665-47B0-BA8F-E245577E3B6B}.Ad-Hoc|ARM.Deploy.0 = Release|ARM
		{B6C8D469-7665-47B0-BA8F-E245577E3B6B}.Ad-Hoc|ARM64.ActiveCfg = Release|ARM64
		{B6C8D469-7665-47B0-BA8F-E245577E3B6B}.Ad-Hoc|ARM64.Build.0 = Release|ARM64
		{B6C8D469-7665-47B0-BA8F-E245577E3B6B}.Ad-Hoc|ARM64.Deploy.0 = Release|ARM64
		{B6C8D469-7665-47B0-BA8F-E245577E3B6B}.Ad-Hoc|iPhone.ActiveCfg = Release|x64
		{B6C8D469-7665-47B0-BA8F-E245577E3B6B}.Ad-Hoc|iPhone.Build.0 = Release|x64
		{B6C8D469-7665-47B0-BA8F-E245577E3B6B}.Ad-Hoc|iPhone.Deploy.0 = Release|x64
		{B6C8D469-7665-47B0-BA8F-E245577E3B6B}.Ad-Hoc|iPhoneSimulator.ActiveCfg = Release|x64
		{B6C8D469-7665-47B0-BA8F-E245577E3B6B}.Ad-Hoc|iPhoneSimulator.Build.0 = Release|x64
		{B6C8D469-7665-47B0-BA8F-E245577E3B6B}.Ad-Hoc|iPhoneSimulator.Deploy.0 = Release|x64
		{B6C8D469-7665-47B0-BA8F-E245577E3B6B}.Ad-Hoc|x64.ActiveCfg = Release|x64
		{B6C8D469-7665-47B0-BA8F-E245577E3B6B}.Ad-Hoc|x64.Build.0 = Release|x64
		{B6C8D469-7665-47B0-BA8F-E245577E3B6B}.Ad-Hoc|x64.Deploy.0 = Release|x64
		{B6C8D469-7665-47B0-BA8F-E245577E3B6B}.Ad-Hoc|x86.ActiveCfg = Release|x86
		{B6C8D469-7665-47B0-BA8F-E245577E3B6B}.Ad-Hoc|x86.Build.0 = Release|x86
		{B6C8D469-7665-47B0-BA8F-E245577E3B6B}.Ad-Hoc|x86.Deploy.0 = Release|x86
		{B6C8D469-7665-47B0-BA8F-E245577E3B6B}.AppStore|Any CPU.ActiveCfg = Release|x64
		{B6C8D469-7665-47B0-BA8F-E245577E3B6B}.AppStore|Any CPU.Build.0 = Release|x64
		{B6C8D469-7665-47B0-BA8F-E245577E3B6B}.AppStore|Any CPU.Deploy.0 = Release|x64
		{B6C8D469-7665-47B0-BA8F-E245577E3B6B}.AppStore|ARM.ActiveCfg = Release|ARM
		{B6C8D469-7665-47B0-BA8F-E245577E3B6B}.AppStore|ARM.Build.0 = Release|ARM
		{B6C8D469-7665-47B0-BA8F-E245577E3B6B}.AppStore|ARM.Deploy.0 = Release|ARM
		{B6C8D469-7665-47B0-BA8F-E245577E3B6B}.AppStore|ARM64.ActiveCfg = Release|ARM64
		{B6C8D469-7665-47B0-BA8F-E245577E3B6B}.AppStore|ARM64.Build.0 = Release|ARM64
		{B6C8D469-7665-47B0-BA8F-E245577E3B6B}.AppStore|ARM64.Deploy.0 = Release|ARM64
		{B6C8D469-7665-47B0-BA8F-E245577E3B6B}.AppStore|iPhone.ActiveCfg = Release|x64
		{B6C8D469-7665-47B0-BA8F-E245577E3B6B}.AppStore|iPhone.Build.0 = Release|x64
		{B6C8D469-7665-47B0-BA8F-E245577E3B6B}.AppStore|iPhone.Deploy.0 = Release|x64
		{B6C8D469-7665-47B0-BA8F-E245577E3B6B}.AppStore|iPhoneSimulator.ActiveCfg = Release|x64
		{B6C8D469-7665-47B0-BA8F-E245577E3B6B}.AppStore|iPhoneSimulator.Build.0 = Release|x64
		{B6C8D469-7665-47B0-BA8F-E245577E3B6B}.AppStore|iPhoneSimulator.Deploy.0 = Release|x64
		{B6C8D469-7665-47B0-BA8F-E245577E3B6B}.AppStore|x64.ActiveCfg = Release|x64
		{B6C8D469-7665-47B0-BA8F-E245577E3B6B}.AppStore|x64.Build.0 = Release|x64
		{B6C8D469-7665-47B0-BA8F-E245577E3B6B}.AppStore|x64.Deploy.0 = Release|x64
		{B6C8D469-7665-47B0-BA8F-E245577E3B6B}.AppStore|x86.ActiveCfg = Release|x86
		{B6C8D469-7665-47B0-BA8F-E245577E3B6B}.AppStore|x86.Build.0 = Release|x86
		{B6C8D469-7665-47B0-BA8F-E245577E3B6B}.AppStore|x86.Deploy.0 = Release|x86
		{B6C8D469-7665-47B0-BA8F-E245577E3B6B}.Debug|Any CPU.ActiveCfg = Debug|x86
		{B6C8D469-7665-47B0-BA8F-E245577E3B6B}.Debug|ARM.ActiveCfg = Debug|ARM
		{B6C8D469-7665-47B0-BA8F-E245577E3B6B}.Debug|ARM.Build.0 = Debug|ARM
		{B6C8D469-7665-47B0-BA8F-E245577E3B6B}.Debug|ARM.Deploy.0 = Debug|ARM
		{B6C8D469-7665-47B0-BA8F-E245577E3B6B}.Debug|ARM64.ActiveCfg = Debug|ARM64
		{B6C8D469-7665-47B0-BA8F-E245577E3B6B}.Debug|ARM64.Build.0 = Debug|ARM64
		{B6C8D469-7665-47B0-BA8F-E245577E3B6B}.Debug|ARM64.Deploy.0 = Debug|ARM64
		{B6C8D469-7665-47B0-BA8F-E245577E3B6B}.Debug|iPhone.ActiveCfg = Debug|x86
		{B6C8D469-7665-47B0-BA8F-E245577E3B6B}.Debug|iPhoneSimulator.ActiveCfg = Debug|x86
		{B6C8D469-7665-47B0-BA8F-E245577E3B6B}.Debug|x64.ActiveCfg = Debug|x64
		{B6C8D469-7665-47B0-BA8F-E245577E3B6B}.Debug|x64.Build.0 = Debug|x64
		{B6C8D469-7665-47B0-BA8F-E245577E3B6B}.Debug|x64.Deploy.0 = Debug|x64
		{B6C8D469-7665-47B0-BA8F-E245577E3B6B}.Debug|x86.ActiveCfg = Debug|x86
		{B6C8D469-7665-47B0-BA8F-E245577E3B6B}.Debug|x86.Build.0 = Debug|x86
		{B6C8D469-7665-47B0-BA8F-E245577E3B6B}.Debug|x86.Deploy.0 = Debug|x86
		{B6C8D469-7665-47B0-BA8F-E245577E3B6B}.Release|Any CPU.ActiveCfg = Release|x86
		{B6C8D469-7665-47B0-BA8F-E245577E3B6B}.Release|ARM.ActiveCfg = Release|ARM
		{B6C8D469-7665-47B0-BA8F-E245577E3B6B}.Release|ARM.Build.0 = Release|ARM
		{B6C8D469-7665-47B0-BA8F-E245577E3B6B}.Release|ARM.Deploy.0 = Release|ARM
		{B6C8D469-7665-47B0-BA8F-E245577E3B6B}.Release|ARM64.ActiveCfg = Release|ARM64
		{B6C8D469-7665-47B0-BA8F-E245577E3B6B}.Release|ARM64.Build.0 = Release|ARM64
		{B6C8D469-7665-47B0-BA8F-E245577E3B6B}.Release|ARM64.Deploy.0 = Release|ARM64
		{B6C8D469-7665-47B0-BA8F-E245577E3B6B}.Release|iPhone.ActiveCfg = Release|x86
		{B6C8D469-7665-47B0-BA8F-E245577E3B6B}.Release|iPhoneSimulator.ActiveCfg = Release|x86
		{B6C8D469-7665-47B0-BA8F-E245577E3B6B}.Release|x64.ActiveCfg = Release|x64
		{B6C8D469-7665-47B0-BA8F-E245577E3B6B}.Release|x64.Build.0 = Release|x64
		{B6C8D469-7665-47B0-BA8F-E245577E3B6B}.Release|x64.Deploy.0 = Release|x64
		{B6C8D469-7665-47B0-BA8F-E245577E3B6B}.Release|x86.ActiveCfg = Release|x86
		{B6C8D469-7665-47B0-BA8F-E245577E3B6B}.Release|x86.Build.0 = Release|x86
		{B6C8D469-7665-47B0-BA8F-E245577E3B6B}.Release|x86.Deploy.0 = Release|x86
	EndGlobalSection
	GlobalSection(SolutionProperties) = preSolution
		HideSolutionNode = FALSE
	EndGlobalSection
	GlobalSection(ExtensibilityGlobals) = postSolution
		SolutionGuid = {F6D05029-56B8-4E45-AF2D-0E76295DDBA2}
	EndGlobalSection
EndGlobal
